
Microsoft Visual Studio Solution File, Format Version 12.00
# Visual Studio 2013
VisualStudioVersion = 12.0.21005.1
MinimumVisualStudioVersion = 10.0.40219.1
Project("{8BC9CEB8-8B4A-11D0-8D11-00A0C91BC942}") = "EjecutarCMD", "EjecutarCMD.vcxproj", "{35411531-D4E6-4DEA-A276-19F734E3E40F}"
EndProject
Global
	GlobalSection(SolutionConfigurationPlatforms) = preSolution
		Debug|Win32 = Debug|Win32
		Release|Win32 = Release|Win32
	EndGlobalSection
	GlobalSection(ProjectConfigurationPlatforms) = postSolution
		{35411531-D4E6-4DEA-A276-19F734E3E40F}.Debug|Win32.ActiveCfg = Debug|Win32
		{35411531-D4E6-4DEA-A276-19F734E3E40F}.Debug|Win32.Build.0 = Debug|Win32
		{35411531-D4E6-4DEA-A276-19F734E3E40F}.Release|Win32.ActiveCfg = Release|Win32
		{35411531-D4E6-4DEA-A276-19F734E3E40F}.Release|Win32.Build.0 = Release|Win32
	EndGlobalSection
	GlobalSection(SolutionProperties) = preSolution
		HideSolutionNode = FALSE
	EndGlobalSection
EndGlobal
